
Microsoft Visual Studio Solution File, Format Version 12.00
# Visual Studio 15
VisualStudioVersion = 15.0.27703.2035
MinimumVisualStudioVersion = 10.0.40219.1
Project("{FAE04EC0-301F-11D3-BF4B-00C04F79EFBC}") = "AuctionHouse.Contract.Ont.Dungeon", "AuctionHouse.Contract.Ont.Dungeon\AuctionHouse.Contract.Ont.Dungeon.csproj", "{B0FFCF78-3A21-43C4-8487-328E49D6FFA0}"
EndProject
Project("{FAE04EC0-301F-11D3-BF4B-00C04F79EFBC}") = "Game.Contract.Ont.Dungeon", "Game.Contract.Ont.Dungeon\Game.Contract.Ont.Dungeon.csproj", "{9529A6F6-BA86-4D64-B6BB-9E1A782ED37F}"
EndProject
Project("{9A19103F-16F7-4668-BE54-9A1E7A4F7556}") = "Avm2Hex", "Avm2Hex\Avm2Hex.csproj", "{5A990443-ED13-43C9-B349-1C1B60990431}"
EndProject
Project("{FAE04EC0-301F-11D3-BF4B-00C04F79EFBC}") = "Test.Contract.Ont.Dungeon", "Test.Contract.Ont.Dungeon\Test.Contract.Ont.Dungeon.csproj", "{B438A481-DDE6-4477-BC4D-E5A1E3353D8C}"
EndProject
Global
	GlobalSection(SolutionConfigurationPlatforms) = preSolution
		Debug|Any CPU = Debug|Any CPU
		Release|Any CPU = Release|Any CPU
	EndGlobalSection
	GlobalSection(ProjectConfigurationPlatforms) = postSolution
		{B0FFCF78-3A21-43C4-8487-328E49D6FFA0}.Debug|Any CPU.ActiveCfg = Debug|Any CPU
		{B0FFCF78-3A21-43C4-8487-328E49D6FFA0}.Debug|Any CPU.Build.0 = Debug|Any CPU
		{B0FFCF78-3A21-43C4-8487-328E49D6FFA0}.Release|Any CPU.ActiveCfg = Release|Any CPU
		{B0FFCF78-3A21-43C4-8487-328E49D6FFA0}.Release|Any CPU.Build.0 = Release|Any CPU
		{9529A6F6-BA86-4D64-B6BB-9E1A782ED37F}.Debug|Any CPU.ActiveCfg = Debug|Any CPU
		{9529A6F6-BA86-4D64-B6BB-9E1A782ED37F}.Debug|Any CPU.Build.0 = Debug|Any CPU
		{9529A6F6-BA86-4D64-B6BB-9E1A782ED37F}.Release|Any CPU.ActiveCfg = Release|Any CPU
		{9529A6F6-BA86-4D64-B6BB-9E1A782ED37F}.Release|Any CPU.Build.0 = Release|Any CPU
		{5A990443-ED13-43C9-B349-1C1B60990431}.Debug|Any CPU.ActiveCfg = Debug|Any CPU
		{5A990443-ED13-43C9-B349-1C1B60990431}.Debug|Any CPU.Build.0 = Debug|Any CPU
		{5A990443-ED13-43C9-B349-1C1B60990431}.Release|Any CPU.ActiveCfg = Release|Any CPU
		{5A990443-ED13-43C9-B349-1C1B60990431}.Release|Any CPU.Build.0 = Release|Any CPU
		{B438A481-DDE6-4477-BC4D-E5A1E3353D8C}.Debug|Any CPU.ActiveCfg = Debug|Any CPU
		{B438A481-DDE6-4477-BC4D-E5A1E3353D8C}.Debug|Any CPU.Build.0 = Debug|Any CPU
		{B438A481-DDE6-4477-BC4D-E5A1E3353D8C}.Release|Any CPU.ActiveCfg = Release|Any CPU
		{B438A481-DDE6-4477-BC4D-E5A1E3353D8C}.Release|Any CPU.Build.0 = Release|Any CPU
	EndGlobalSection
	GlobalSection(SolutionProperties) = preSolution
		HideSolutionNode = FALSE
	EndGlobalSection
	GlobalSection(ExtensibilityGlobals) = postSolution
		SolutionGuid = {FCAA0566-7E81-4AE9-BBF2-1E7E14DCEB8D}
	EndGlobalSection
EndGlobal
